
Microsoft Visual Studio Solution File, Format Version 12.00
# Visual Studio Version 16
VisualStudioVersion = 16.0.30204.135
MinimumVisualStudioVersion = 10.0.40219.1
Project("{FAE04EC0-301F-11D3-BF4B-00C04F79EFBC}") = "ProyectoFinca", "ProyectoFinca\ProyectoFinca.csproj", "{1C2B8A29-2E37-445A-B2C8-FC9D5F4182EF}"
EndProject
Global
	GlobalSection(SolutionConfigurationPlatforms) = preSolution
		Debug|Any CPU = Debug|Any CPU
		Release|Any CPU = Release|Any CPU
	EndGlobalSection
	GlobalSection(ProjectConfigurationPlatforms) = postSolution
		{1C2B8A29-2E37-445A-B2C8-FC9D5F4182EF}.Debug|Any CPU.ActiveCfg = Debug|Any CPU
		{1C2B8A29-2E37-445A-B2C8-FC9D5F4182EF}.Debug|Any CPU.Build.0 = Debug|Any CPU
		{1C2B8A29-2E37-445A-B2C8-FC9D5F4182EF}.Release|Any CPU.ActiveCfg = Release|Any CPU
		{1C2B8A29-2E37-445A-B2C8-FC9D5F4182EF}.Release|Any CPU.Build.0 = Release|Any CPU
	EndGlobalSection
	GlobalSection(SolutionProperties) = preSolution
		HideSolutionNode = FALSE
	EndGlobalSection
	GlobalSection(ExtensibilityGlobals) = postSolution
		SolutionGuid = {B17C4326-BE57-4435-9CA6-7E0F49AF3095}
	EndGlobalSection
EndGlobal
